
Microsoft Visual Studio Solution File, Format Version 10.00
# Visual Studio 2008
Project("{FAE04EC0-301F-11D3-BF4B-00C04F79EFBC}") = "GameServerPB", "GameServerPB.csproj", "{A27084CA-B4EB-4C8A-867B-B13CA639DBD6}"
EndProject
Global
	GlobalSection(SolutionConfigurationPlatforms) = preSolution
		Debug|Any CPU = Debug|Any CPU
		Release|Any CPU = Release|Any CPU
	EndGlobalSection
	GlobalSection(ProjectConfigurationPlatforms) = postSolution
		{A27084CA-B4EB-4C8A-867B-B13CA639DBD6}.Debug|Any CPU.ActiveCfg = Debug|Any CPU
		{A27084CA-B4EB-4C8A-867B-B13CA639DBD6}.Debug|Any CPU.Build.0 = Debug|Any CPU
		{A27084CA-B4EB-4C8A-867B-B13CA639DBD6}.Release|Any CPU.ActiveCfg = Release|Any CPU
		{A27084CA-B4EB-4C8A-867B-B13CA639DBD6}.Release|Any CPU.Build.0 = Release|Any CPU
	EndGlobalSection
	GlobalSection(SolutionProperties) = preSolution
		HideSolutionNode = FALSE
	EndGlobalSection
EndGlobal
